<?xml version="1.0" encoding="utf-8"?>
<Project ToolsVersion="4.0" xmlns="http://schemas.microsoft.com/developer/msbuild/2003">
  <ItemGroup>
    <Filter Include="Source Files">
      <UniqueIdentifier>{4FC737F1-C7A5-4376-A066-2A32D752A2FF}</UniqueIdentifier>
      <Extensions>cpp;c;cc;cxx;def;odl;idl;hpj;bat;asm;asmx</Extensions>
    </Filter>
    <Filter Include="Header Files">
      <UniqueIdentifier>{93995380-89BD-4b04-88EB-625FBE52EBFB}</UniqueIdentifier>
      <Extensions>h;hh;hpp;hxx;hm;inl;inc;ipp;xsd</Extensions>
    </Filter>
    <Filter Include="Resource Files">
      <UniqueIdentifier>{67DA6AB6-F800-4c08-8B7A-83BB121AAD01}</UniqueIdentifier>
      <Extensions>rc;ico;cur;bmp;dlg;rc2;rct;bin;rgs;gif;jpg;jpeg;jpe;resx;tiff;tif;png;wav;mfcribbon-ms</Extensions>
    </Filter>
  </ItemGroup>
  <ItemGroup>
    <ClInclude Include="targetver.h">
      <Filter>Header Files</Filter>
    </ClInclude>
    <ClInclude Include="..\MathSIMD\MathSIMD.h">
      <Filter>Header Files</Filter>
    </ClInclude>
    <ClInclude Include="..\General\MemoryBlock.h">
      <Filter>Header Files</Filter>
    </ClInclude>
    <ClInclude Include="..\3DGeometryKing\3DGeometry.h">
      <Filter>Header Files</Filter>
    </ClInclude>
    <ClInclude Include="..\Physics\Acceleration.h">
      <Filter>Header Files</Filter>
    </ClInclude>
    <ClInclude Include="..\Physics\Distance.h">
      <Filter>Header Files</Filter>
    </ClInclude>
    <ClInclude Include="..\Physics\Force.h">
      <Filter>Header Files</Filter>
    </ClInclude>
    <ClInclude Include="..\Physics\Position.h">
      <Filter>Header Files</Filter>
    </ClInclude>
    <ClInclude Include="..\Physics\UnitOfMeasure.h">
      <Filter>Header Files</Filter>
    </ClInclude>
    <ClInclude Include="..\Physics\Velocity.h">
      <Filter>Header Files</Filter>
    </ClInclude>
    <ClInclude Include="..\General\TextFileParse.h">
      <Filter>Header Files</Filter>
    </ClInclude>
    <ClInclude Include="..\Physics\AngularAcceleration.h">
      <Filter>Header Files</Filter>
    </ClInclude>
    <ClInclude Include="..\Physics\AngularVelocity.h">
      <Filter>Header Files</Filter>
    </ClInclude>
    <ClInclude Include="..\Physics\PhysicsMaterial.h">
      <Filter>Header Files</Filter>
    </ClInclude>
    <ClInclude Include="..\Physics\PhysicsRigidBody.h">
      <Filter>Header Files</Filter>
    </ClInclude>
    <ClInclude Include="..\Physics\PhysicsState.h">
      <Filter>Header Files</Filter>
    </ClInclude>
    <ClInclude Include="..\Physics\Rotation.h">
      <Filter>Header Files</Filter>
    </ClInclude>
    <ClInclude Include="..\2DGeometryKing\2DGeometry.h">
      <Filter>Header Files</Filter>
    </ClInclude>
    <ClInclude Include="..\GeometryKing.h">
      <Filter>Source Files</Filter>
    </ClInclude>
    <ClInclude Include="..\Physics\PhysicsObject.h">
      <Filter>Header Files</Filter>
    </ClInclude>
  </ItemGroup>
  <ItemGroup>
    <ClCompile Include="..\MathSIMD\MathSIMD.cpp">
      <Filter>Source Files</Filter>
    </ClCompile>
    <ClCompile Include="..\Physics\UnitOfMeasure.cpp">
      <Filter>Source Files</Filter>
    </ClCompile>
    <ClCompile Include="..\3DGeometryKing\3DGeometry.cpp">
      <Filter>Source Files</Filter>
    </ClCompile>
    <ClCompile Include="..\2DGeometryKing\2DGeometry.cpp">
      <Filter>Source Files</Filter>
    </ClCompile>
    <ClCompile Include="..\General\TextFileParse.cpp">
      <Filter>Source Files</Filter>
    </ClCompile>
    <ClCompile Include="..\3DGeometryKing\Model_IO.cpp">
      <Filter>Source Files</Filter>
    </ClCompile>
    <ClCompile Include="..\Physics\Physics.cpp">
      <Filter>Source Files</Filter>
    </ClCompile>
    <ClCompile Include="..\3DGeometryKing\CK_CubeCollision.cpp">
      <Filter>Source Files</Filter>
    </ClCompile>
    <ClCompile Include="..\3DGeometryKing\CK_Cube.cpp">
      <Filter>Source Files</Filter>
    </ClCompile>
  </ItemGroup>
</Project>